
Microsoft Visual Studio Solution File, Format Version 12.00
# Visual Studio Version 16
VisualStudioVersion = 16.0.31702.278
MinimumVisualStudioVersion = 10.0.40219.1
Project("{FAE04EC0-301F-11D3-BF4B-00C04F79EFBC}") = "Tests", "Tests\Tests.csproj", "{6AAD8BB0-AF01-41FA-A1F5-4C7AC29F2394}"
EndProject
Project("{FAE04EC0-301F-11D3-BF4B-00C04F79EFBC}") = "Tennis", "Tennis\Tennis.csproj", "{BBB9A061-E7FF-48F0-BC37-8A06E1FAC05A}"
EndProject
Project("{FAE04EC0-301F-11D3-BF4B-00C04F79EFBC}") = "UI", "UI\UI.csproj", "{D9E8F8D8-877B-4040-B61B-E94D56C3CB0D}"
EndProject
Global
	GlobalSection(SolutionConfigurationPlatforms) = preSolution
		Debug|Any CPU = Debug|Any CPU
		Release|Any CPU = Release|Any CPU
	EndGlobalSection
	GlobalSection(ProjectConfigurationPlatforms) = postSolution
		{6AAD8BB0-AF01-41FA-A1F5-4C7AC29F2394}.Debug|Any CPU.ActiveCfg = Debug|Any CPU
		{6AAD8BB0-AF01-41FA-A1F5-4C7AC29F2394}.Debug|Any CPU.Build.0 = Debug|Any CPU
		{6AAD8BB0-AF01-41FA-A1F5-4C7AC29F2394}.Release|Any CPU.ActiveCfg = Release|Any CPU
		{6AAD8BB0-AF01-41FA-A1F5-4C7AC29F2394}.Release|Any CPU.Build.0 = Release|Any CPU
		{BBB9A061-E7FF-48F0-BC37-8A06E1FAC05A}.Debug|Any CPU.ActiveCfg = Debug|Any CPU
		{BBB9A061-E7FF-48F0-BC37-8A06E1FAC05A}.Debug|Any CPU.Build.0 = Debug|Any CPU
		{BBB9A061-E7FF-48F0-BC37-8A06E1FAC05A}.Release|Any CPU.ActiveCfg = Release|Any CPU
		{BBB9A061-E7FF-48F0-BC37-8A06E1FAC05A}.Release|Any CPU.Build.0 = Release|Any CPU
		{D9E8F8D8-877B-4040-B61B-E94D56C3CB0D}.Debug|Any CPU.ActiveCfg = Debug|Any CPU
		{D9E8F8D8-877B-4040-B61B-E94D56C3CB0D}.Debug|Any CPU.Build.0 = Debug|Any CPU
		{D9E8F8D8-877B-4040-B61B-E94D56C3CB0D}.Release|Any CPU.ActiveCfg = Release|Any CPU
		{D9E8F8D8-877B-4040-B61B-E94D56C3CB0D}.Release|Any CPU.Build.0 = Release|Any CPU
	EndGlobalSection
	GlobalSection(SolutionProperties) = preSolution
		HideSolutionNode = FALSE
	EndGlobalSection
	GlobalSection(ExtensibilityGlobals) = postSolution
		SolutionGuid = {39D8A5C8-73E7-478A-853D-AD10D6648DDE}
	EndGlobalSection
EndGlobal
